
Microsoft Visual Studio Solution File, Format Version 12.00
# Visual Studio 15
VisualStudioVersion = 15.0.28307.271
MinimumVisualStudioVersion = 10.0.40219.1
Project("{FAE04EC0-301F-11D3-BF4B-00C04F79EFBC}") = "Week10_lab", "Week10_lab\Week10_lab.csproj", "{220DE7FC-91D9-487A-BF13-6E25E748213C}"
EndProject
Global
	GlobalSection(SolutionConfigurationPlatforms) = preSolution
		Debug|Any CPU = Debug|Any CPU
		Release|Any CPU = Release|Any CPU
	EndGlobalSection
	GlobalSection(ProjectConfigurationPlatforms) = postSolution
		{220DE7FC-91D9-487A-BF13-6E25E748213C}.Debug|Any CPU.ActiveCfg = Debug|Any CPU
		{220DE7FC-91D9-487A-BF13-6E25E748213C}.Debug|Any CPU.Build.0 = Debug|Any CPU
		{220DE7FC-91D9-487A-BF13-6E25E748213C}.Release|Any CPU.ActiveCfg = Release|Any CPU
		{220DE7FC-91D9-487A-BF13-6E25E748213C}.Release|Any CPU.Build.0 = Release|Any CPU
	EndGlobalSection
	GlobalSection(SolutionProperties) = preSolution
		HideSolutionNode = FALSE
	EndGlobalSection
	GlobalSection(ExtensibilityGlobals) = postSolution
		SolutionGuid = {A1E58EBE-3DAD-4C98-B4E9-B47C81759594}
	EndGlobalSection
EndGlobal
